
Microsoft Visual Studio Solution File, Format Version 12.00
# Visual Studio Version 16
VisualStudioVersion = 16.0.28803.452
MinimumVisualStudioVersion = 10.0.40219.1
Project("{FAE04EC0-301F-11D3-BF4B-00C04F79EFBC}") = "sincoABR.API", "sincoABR\sincoABR.API.csproj", "{092F48F2-B04A-4C4E-821F-7EFB85342FBE}"
EndProject
Project("{FAE04EC0-301F-11D3-BF4B-00C04F79EFBC}") = "SincoABR.BLL", "SincoABR.BLL\SincoABR.BLL.csproj", "{227D3D2B-8003-42A6-B616-9E092D01B831}"
EndProject
Project("{FAE04EC0-301F-11D3-BF4B-00C04F79EFBC}") = "SincoABR.Data", "SincoABR.Data\SincoABR.Data.csproj", "{E9AE562E-BF8C-488D-9B87-79C10AE3A7AE}"
EndProject
Global
	GlobalSection(SolutionConfigurationPlatforms) = preSolution
		Debug|Any CPU = Debug|Any CPU
		Release|Any CPU = Release|Any CPU
	EndGlobalSection
	GlobalSection(ProjectConfigurationPlatforms) = postSolution
		{092F48F2-B04A-4C4E-821F-7EFB85342FBE}.Debug|Any CPU.ActiveCfg = Debug|Any CPU
		{092F48F2-B04A-4C4E-821F-7EFB85342FBE}.Debug|Any CPU.Build.0 = Debug|Any CPU
		{092F48F2-B04A-4C4E-821F-7EFB85342FBE}.Release|Any CPU.ActiveCfg = Release|Any CPU
		{092F48F2-B04A-4C4E-821F-7EFB85342FBE}.Release|Any CPU.Build.0 = Release|Any CPU
		{227D3D2B-8003-42A6-B616-9E092D01B831}.Debug|Any CPU.ActiveCfg = Debug|Any CPU
		{227D3D2B-8003-42A6-B616-9E092D01B831}.Debug|Any CPU.Build.0 = Debug|Any CPU
		{227D3D2B-8003-42A6-B616-9E092D01B831}.Release|Any CPU.ActiveCfg = Release|Any CPU
		{227D3D2B-8003-42A6-B616-9E092D01B831}.Release|Any CPU.Build.0 = Release|Any CPU
		{E9AE562E-BF8C-488D-9B87-79C10AE3A7AE}.Debug|Any CPU.ActiveCfg = Debug|Any CPU
		{E9AE562E-BF8C-488D-9B87-79C10AE3A7AE}.Debug|Any CPU.Build.0 = Debug|Any CPU
		{E9AE562E-BF8C-488D-9B87-79C10AE3A7AE}.Release|Any CPU.ActiveCfg = Release|Any CPU
		{E9AE562E-BF8C-488D-9B87-79C10AE3A7AE}.Release|Any CPU.Build.0 = Release|Any CPU
	EndGlobalSection
	GlobalSection(SolutionProperties) = preSolution
		HideSolutionNode = FALSE
	EndGlobalSection
	GlobalSection(ExtensibilityGlobals) = postSolution
		SolutionGuid = {01680DF2-7473-4EAF-84C8-1024A1BFE71C}
	EndGlobalSection
EndGlobal
